{
  "name": "jsplgr-cli",
  "version": "0.1.0",
  "lockfileVersion": 3,
  "requires": true,
  "packages": {
    "": {
      "name": "jsplgr-cli",
      "version": "0.1.0",
      "license": "ISC",
      "dependencies": {
        "jsplgr-api": "file:../jsplgr-api"
      },
      "bin": {
        "jsplgrcoll": "bin/jsplgrcoll",
        "jsplgrconv": "bin/jsplgrconv"
      }
    },
    "../jsplgr-api": {
      "version": "0.1.0",
      "license": "ISC",
      "devDependencies": {
        "jest": "^29.7.0",
        "peggy": "^3.0.2"
      }
    },
    "node_modules/jsplgr-api": {
      "resolved": "../jsplgr-api",
      "link": true
    }
  }
}
